
Microsoft Visual Studio Solution File, Format Version 12.00
# Visual Studio 2013
VisualStudioVersion = 12.0.31101.0
MinimumVisualStudioVersion = 10.0.40219.1
Project("{FAE04EC0-301F-11D3-BF4B-00C04F79EFBC}") = "Threads.Client", "Threads.Client\Threads.Client.csproj", "{691D2EBB-044B-48F2-A797-8584A105DCEE}"
EndProject
Project("{FAE04EC0-301F-11D3-BF4B-00C04F79EFBC}") = "Threads.Domain", "Threads.Domain\Threads.Domain.csproj", "{DD7A535D-6152-4515-A052-C7562F7A53A4}"
EndProject
Project("{FAE04EC0-301F-11D3-BF4B-00C04F79EFBC}") = "Threads.Services", "Threads.Services\Threads.Services.csproj", "{64E5C137-F129-4199-8B2F-59DCFF135773}"
EndProject
Global
	GlobalSection(SolutionConfigurationPlatforms) = preSolution
		Debug|Any CPU = Debug|Any CPU
		Release|Any CPU = Release|Any CPU
	EndGlobalSection
	GlobalSection(ProjectConfigurationPlatforms) = postSolution
		{691D2EBB-044B-48F2-A797-8584A105DCEE}.Debug|Any CPU.ActiveCfg = Debug|Any CPU
		{691D2EBB-044B-48F2-A797-8584A105DCEE}.Debug|Any CPU.Build.0 = Debug|Any CPU
		{691D2EBB-044B-48F2-A797-8584A105DCEE}.Release|Any CPU.ActiveCfg = Release|Any CPU
		{691D2EBB-044B-48F2-A797-8584A105DCEE}.Release|Any CPU.Build.0 = Release|Any CPU
		{DD7A535D-6152-4515-A052-C7562F7A53A4}.Debug|Any CPU.ActiveCfg = Debug|Any CPU
		{DD7A535D-6152-4515-A052-C7562F7A53A4}.Debug|Any CPU.Build.0 = Debug|Any CPU
		{DD7A535D-6152-4515-A052-C7562F7A53A4}.Release|Any CPU.ActiveCfg = Release|Any CPU
		{DD7A535D-6152-4515-A052-C7562F7A53A4}.Release|Any CPU.Build.0 = Release|Any CPU
		{64E5C137-F129-4199-8B2F-59DCFF135773}.Debug|Any CPU.ActiveCfg = Debug|Any CPU
		{64E5C137-F129-4199-8B2F-59DCFF135773}.Debug|Any CPU.Build.0 = Debug|Any CPU
		{64E5C137-F129-4199-8B2F-59DCFF135773}.Release|Any CPU.ActiveCfg = Release|Any CPU
		{64E5C137-F129-4199-8B2F-59DCFF135773}.Release|Any CPU.Build.0 = Release|Any CPU
	EndGlobalSection
	GlobalSection(SolutionProperties) = preSolution
		HideSolutionNode = FALSE
	EndGlobalSection
EndGlobal
